
Microsoft Visual Studio Solution File, Format Version 12.00
# Visual Studio Version 17
VisualStudioVersion = 17.13.35806.99
MinimumVisualStudioVersion = 10.0.40219.1
Project("{2150E333-8FDC-42A3-9474-1A3956D46DE8}") = "ApiConsume", "ApiConsume", "{02EA681E-C7D8-13C7-8484-4AC65E1B71E8}"
EndProject
Project("{2150E333-8FDC-42A3-9474-1A3956D46DE8}") = "Frontend", "Frontend", "{9F493416-BCE9-4DB3-B556-790AB35799DD}"
EndProject
Project("{FAE04EC0-301F-11D3-BF4B-00C04F79EFBC}") = "HotelReservationProject.WebApi", "ApiConsume\HotelRezervationProject.WebApi\HotelReservationProject.WebApi.csproj", "{D34BCADD-0554-44F4-8436-CF1CB58840FC}"
EndProject
Project("{FAE04EC0-301F-11D3-BF4B-00C04F79EFBC}") = "HotelReservationProject.EntitiyLayer", "HotelRezervationProject.EntitiyLayer\HotelReservationProject.EntitiyLayer.csproj", "{AA387D65-21E5-4098-82EE-69F7A52648C8}"
EndProject
Project("{FAE04EC0-301F-11D3-BF4B-00C04F79EFBC}") = "HotelReservationProject.DataAccessLayer", "HotelRezervationProject.DataAccessLayer\HotelReservationProject.DataAccessLayer.csproj", "{1BD4528B-0176-4D38-9F54-894B3349AD98}"
EndProject
Project("{FAE04EC0-301F-11D3-BF4B-00C04F79EFBC}") = "HotelReservationProject.BusinessLayer", "HotelRezervationProject.BusinessLayer\HotelReservationProject.BusinessLayer.csproj", "{B825B435-8929-45B4-BC60-E9AE37785C85}"
EndProject
Project("{FAE04EC0-301F-11D3-BF4B-00C04F79EFBC}") = "HotelReservationProject.DtoLayer", "HotelRezervationProject.DtoLayer\HotelReservationProject.DtoLayer.csproj", "{557F65B9-D22D-4B15-B67D-BA4DCC5587DA}"
EndProject
Project("{FAE04EC0-301F-11D3-BF4B-00C04F79EFBC}") = "HotelReservationProject.WebUI", "HotelRezervationProject.WebUI\HotelReservationProject.WebUI.csproj", "{AA485F88-5F0F-49AD-B3BC-B6DAB866A3DD}"
EndProject
Global
	GlobalSection(SolutionConfigurationPlatforms) = preSolution
		Debug|Any CPU = Debug|Any CPU
		Release|Any CPU = Release|Any CPU
	EndGlobalSection
	GlobalSection(ProjectConfigurationPlatforms) = postSolution
		{D34BCADD-0554-44F4-8436-CF1CB58840FC}.Debug|Any CPU.ActiveCfg = Debug|Any CPU
		{D34BCADD-0554-44F4-8436-CF1CB58840FC}.Debug|Any CPU.Build.0 = Debug|Any CPU
		{D34BCADD-0554-44F4-8436-CF1CB58840FC}.Release|Any CPU.ActiveCfg = Release|Any CPU
		{D34BCADD-0554-44F4-8436-CF1CB58840FC}.Release|Any CPU.Build.0 = Release|Any CPU
		{AA387D65-21E5-4098-82EE-69F7A52648C8}.Debug|Any CPU.ActiveCfg = Debug|Any CPU
		{AA387D65-21E5-4098-82EE-69F7A52648C8}.Debug|Any CPU.Build.0 = Debug|Any CPU
		{AA387D65-21E5-4098-82EE-69F7A52648C8}.Release|Any CPU.ActiveCfg = Release|Any CPU
		{AA387D65-21E5-4098-82EE-69F7A52648C8}.Release|Any CPU.Build.0 = Release|Any CPU
		{1BD4528B-0176-4D38-9F54-894B3349AD98}.Debug|Any CPU.ActiveCfg = Debug|Any CPU
		{1BD4528B-0176-4D38-9F54-894B3349AD98}.Debug|Any CPU.Build.0 = Debug|Any CPU
		{1BD4528B-0176-4D38-9F54-894B3349AD98}.Release|Any CPU.ActiveCfg = Release|Any CPU
		{1BD4528B-0176-4D38-9F54-894B3349AD98}.Release|Any CPU.Build.0 = Release|Any CPU
		{B825B435-8929-45B4-BC60-E9AE37785C85}.Debug|Any CPU.ActiveCfg = Debug|Any CPU
		{B825B435-8929-45B4-BC60-E9AE37785C85}.Debug|Any CPU.Build.0 = Debug|Any CPU
		{B825B435-8929-45B4-BC60-E9AE37785C85}.Release|Any CPU.ActiveCfg = Release|Any CPU
		{B825B435-8929-45B4-BC60-E9AE37785C85}.Release|Any CPU.Build.0 = Release|Any CPU
		{557F65B9-D22D-4B15-B67D-BA4DCC5587DA}.Debug|Any CPU.ActiveCfg = Debug|Any CPU
		{557F65B9-D22D-4B15-B67D-BA4DCC5587DA}.Debug|Any CPU.Build.0 = Debug|Any CPU
		{557F65B9-D22D-4B15-B67D-BA4DCC5587DA}.Release|Any CPU.ActiveCfg = Release|Any CPU
		{557F65B9-D22D-4B15-B67D-BA4DCC5587DA}.Release|Any CPU.Build.0 = Release|Any CPU
		{AA485F88-5F0F-49AD-B3BC-B6DAB866A3DD}.Debug|Any CPU.ActiveCfg = Debug|Any CPU
		{AA485F88-5F0F-49AD-B3BC-B6DAB866A3DD}.Debug|Any CPU.Build.0 = Debug|Any CPU
		{AA485F88-5F0F-49AD-B3BC-B6DAB866A3DD}.Release|Any CPU.ActiveCfg = Release|Any CPU
		{AA485F88-5F0F-49AD-B3BC-B6DAB866A3DD}.Release|Any CPU.Build.0 = Release|Any CPU
	EndGlobalSection
	GlobalSection(SolutionProperties) = preSolution
		HideSolutionNode = FALSE
	EndGlobalSection
	GlobalSection(NestedProjects) = preSolution
		{D34BCADD-0554-44F4-8436-CF1CB58840FC} = {02EA681E-C7D8-13C7-8484-4AC65E1B71E8}
		{AA387D65-21E5-4098-82EE-69F7A52648C8} = {02EA681E-C7D8-13C7-8484-4AC65E1B71E8}
		{1BD4528B-0176-4D38-9F54-894B3349AD98} = {02EA681E-C7D8-13C7-8484-4AC65E1B71E8}
		{B825B435-8929-45B4-BC60-E9AE37785C85} = {02EA681E-C7D8-13C7-8484-4AC65E1B71E8}
		{557F65B9-D22D-4B15-B67D-BA4DCC5587DA} = {02EA681E-C7D8-13C7-8484-4AC65E1B71E8}
		{AA485F88-5F0F-49AD-B3BC-B6DAB866A3DD} = {9F493416-BCE9-4DB3-B556-790AB35799DD}
	EndGlobalSection
	GlobalSection(ExtensibilityGlobals) = postSolution
		SolutionGuid = {63229E8C-BC91-40BF-A576-1CD03095EFAD}
	EndGlobalSection
EndGlobal
